PODS:
  - SDWebImage (5.12.4):
    - SDWebImage/Core (= 5.12.4)
  - SDWebImage/Core (5.12.4)

DEPENDENCIES:
  - SDWebImage

SPEC REPOS:
  https://github.com/CocoaPods/Specs.git:
    - SDWebImage

SPEC CHECKSUMS:
  SDWebImage: 631cf572cc93dfdfe54162e556410a61f1141928

PODFILE CHECKSUM: c39e6d5d431d9c8026fceed7ecbbcb73da4ccdd5

COCOAPODS: 1.11.3
