// !$*UTF8*$!
{
	archiveVersion = 1;
	classes = {
	};
	objectVersion = 55;
	objects = {

/* Begin PBXBuildFile section */
		53153FA127EC8ED0006914B9 /* AppDelegate.swift in Sources */ = {isa = PBXBuildFile; fileRef = 53153FA027EC8ED0006914B9 /* AppDelegate.swift */; };
		53153FAA27EC8ED2006914B9 /* Assets.xcassets in Resources */ = {isa = PBXBuildFile; fileRef = 53153FA927EC8ED2006914B9 /* Assets.xcassets */; };
		53153FAD27EC8ED2006914B9 /* LaunchScreen.storyboard in Resources */ = {isa = PBXBuildFile; fileRef = 53153FAB27EC8ED2006914B9 /* LaunchScreen.storyboard */; };
		53153FC227EC8ED2006914B9 /* ProductManagerUITests.swift in Sources */ = {isa = PBXBuildFile; fileRef = 53153FC127EC8ED2006914B9 /* ProductManagerUITests.swift */; };
		5315402227EC8F9D006914B9 /* NetworkClient.swift in Sources */ = {isa = PBXBuildFile; fileRef = 5315400E27EC8F9D006914B9 /* NetworkClient.swift */; };
		5315402327EC8F9D006914B9 /* ProductEndpoints.swift in Sources */ = {isa = PBXBuildFile; fileRef = 5315401027EC8F9D006914B9 /* ProductEndpoints.swift */; };
		5315402427EC8F9D006914B9 /* EndpointType.swift in Sources */ = {isa = PBXBuildFile; fileRef = 5315401127EC8F9D006914B9 /* EndpointType.swift */; };
		5315402527EC8F9D006914B9 /* PError.swift in Sources */ = {isa = PBXBuildFile; fileRef = 5315401327EC8F9D006914B9 /* PError.swift */; };
		5315402627EC8F9D006914B9 /* Results.swift in Sources */ = {isa = PBXBuildFile; fileRef = 5315401427EC8F9D006914B9 /* Results.swift */; };
		5315402727EC8F9D006914B9 /* PNetworkClient.swift in Sources */ = {isa = PBXBuildFile; fileRef = 5315401527EC8F9D006914B9 /* PNetworkClient.swift */; };
		5315402827EC8F9D006914B9 /* Utils.swift in Sources */ = {isa = PBXBuildFile; fileRef = 5315401727EC8F9D006914B9 /* Utils.swift */; };
		5315402927EC8F9D006914B9 /* Product.swift in Sources */ = {isa = PBXBuildFile; fileRef = 5315401927EC8F9D006914B9 /* Product.swift */; };
		5315402A27EC8F9D006914B9 /* Engine.swift in Sources */ = {isa = PBXBuildFile; fileRef = 5315401B27EC8F9D006914B9 /* Engine.swift */; };
		5315402B27EC8F9D006914B9 /* Configuration.swift in Sources */ = {isa = PBXBuildFile; fileRef = 5315401C27EC8F9D006914B9 /* Configuration.swift */; };
		5315402C27EC8F9D006914B9 /* MockProductService.swift in Sources */ = {isa = PBXBuildFile; fileRef = 5315401F27EC8F9D006914B9 /* MockProductService.swift */; };
		5315402D27EC8F9D006914B9 /* ProductNetworkService.swift in Sources */ = {isa = PBXBuildFile; fileRef = 5315402127EC8F9D006914B9 /* ProductNetworkService.swift */; };
		5315403727EC9252006914B9 /* Spawnable.swift in Sources */ = {isa = PBXBuildFile; fileRef = 5315403127EC9252006914B9 /* Spawnable.swift */; };
		5315403827EC9252006914B9 /* UIActivityIndicator+Extensions.swift in Sources */ = {isa = PBXBuildFile; fileRef = 5315403327EC9252006914B9 /* UIActivityIndicator+Extensions.swift */; };
		5315403927EC9252006914B9 /* UIViewController+Alerts.swift in Sources */ = {isa = PBXBuildFile; fileRef = 5315403427EC9252006914B9 /* UIViewController+Alerts.swift */; };
		5315403A27EC9252006914B9 /* UIView+Shadows.swift in Sources */ = {isa = PBXBuildFile; fileRef = 5315403527EC9252006914B9 /* UIView+Shadows.swift */; };
		5315405D27EC9299006914B9 /* HideBackTitleNavigationController.swift in Sources */ = {isa = PBXBuildFile; fileRef = 5315405727EC9299006914B9 /* HideBackTitleNavigationController.swift */; };
		5315405E27EC9299006914B9 /* Reusable.swift in Sources */ = {isa = PBXBuildFile; fileRef = 5315405827EC9299006914B9 /* Reusable.swift */; };
		5315406827EC9821006914B9 /* TLogger in Frameworks */ = {isa = PBXBuildFile; productRef = 5315406727EC9821006914B9 /* TLogger */; };
		5315406D27EC9995006914B9 /* AppCoordinator.swift in Sources */ = {isa = PBXBuildFile; fileRef = 5315406B27EC9995006914B9 /* AppCoordinator.swift */; };
		5315406E27EC9995006914B9 /* SearchCoordinator.swift in Sources */ = {isa = PBXBuildFile; fileRef = 5315406C27EC9995006914B9 /* SearchCoordinator.swift */; };
		5315407327ECA360006914B9 /* SearchProductsViewModel.swift in Sources */ = {isa = PBXBuildFile; fileRef = 5315407127ECA360006914B9 /* SearchProductsViewModel.swift */; };
		5315407427ECA360006914B9 /* ProductDetailsViewModel.swift in Sources */ = {isa = PBXBuildFile; fileRef = 5315407227ECA360006914B9 /* ProductDetailsViewModel.swift */; };
		5315407C27ECA4A7006914B9 /* ProductsTableViewCell.swift in Sources */ = {isa = PBXBuildFile; fileRef = 5315407827ECA4A6006914B9 /* ProductsTableViewCell.swift */; };
		5315407D27ECA4A7006914B9 /* SearchProductsViewController.swift in Sources */ = {isa = PBXBuildFile; fileRef = 5315407927ECA4A6006914B9 /* SearchProductsViewController.swift */; };
		5315407E27ECA4A7006914B9 /* ProductDetailsViewController.swift in Sources */ = {isa = PBXBuildFile; fileRef = 5315407B27ECA4A6006914B9 /* ProductDetailsViewController.swift */; };
		5315408527ECA74D006914B9 /* product_list.json in Resources */ = {isa = PBXBuildFile; fileRef = 5315408427ECA74D006914B9 /* product_list.json */; };
		5315408C27ECD340006914B9 /* Strings.swift in Sources */ = {isa = PBXBuildFile; fileRef = 5315408827ECD340006914B9 /* Strings.swift */; };
		5315408D27ECD340006914B9 /* Assets.swift in Sources */ = {isa = PBXBuildFile; fileRef = 5315408927ECD340006914B9 /* Assets.swift */; };
		5315408E27ECD340006914B9 /* Storyboards.swift in Sources */ = {isa = PBXBuildFile; fileRef = 5315408A27ECD340006914B9 /* Storyboards.swift */; };
		5315408F27ECD340006914B9 /* Localizable.strings in Resources */ = {isa = PBXBuildFile; fileRef = 5315408B27ECD340006914B9 /* Localizable.strings */; };
		5315409327ECEA15006914B9 /* ProductsCellViewModel.swift in Sources */ = {isa = PBXBuildFile; fileRef = 5315409227ECEA15006914B9 /* ProductsCellViewModel.swift */; };
		5315409727ED1BEB006914B9 /* ElementType.swift in Sources */ = {isa = PBXBuildFile; fileRef = 5315409527ED1BEB006914B9 /* ElementType.swift */; };
		5315409827ED1BEB006914B9 /* UITestUtils.swift in Sources */ = {isa = PBXBuildFile; fileRef = 5315409627ED1BEB006914B9 /* UITestUtils.swift */; };
		531540A027ED2B51006914B9 /* ProductServiceTest.swift in Sources */ = {isa = PBXBuildFile; fileRef = 5315409A27ED2B51006914B9 /* ProductServiceTest.swift */; };
		531540A127ED2B52006914B9 /* ProductDetailsViewModelTests.swift in Sources */ = {isa = PBXBuildFile; fileRef = 5315409C27ED2B51006914B9 /* ProductDetailsViewModelTests.swift */; };
		531540A227ED2B52006914B9 /* SearchProductsViewModelTests.swift in Sources */ = {isa = PBXBuildFile; fileRef = 5315409D27ED2B51006914B9 /* SearchProductsViewModelTests.swift */; };
		531540A327ED2B52006914B9 /* TestUtils.swift in Sources */ = {isa = PBXBuildFile; fileRef = 5315409F27ED2B51006914B9 /* TestUtils.swift */; };
		531540A527ED3B2E006914B9 /* Main.storyboard in Resources */ = {isa = PBXBuildFile; fileRef = 5315408127ECA51B006914B9 /* Main.storyboard */; };
		8C538D96D337FED115F78C60 /* Pods_ProductManager.framework in Frameworks */ = {isa = PBXBuildFile; fileRef = 6689B061DC522E420F930211 /* Pods_ProductManager.framework */; };
/* End PBXBuildFile section */

/* Begin PBXContainerItemProxy section */
		53153FB427EC8ED2006914B9 /* PBXContainerItemProxy */ = {
			isa = PBXContainerItemProxy;
			containerPortal = 53153F9527EC8ED0006914B9 /* Project object */;
			proxyType = 1;
			remoteGlobalIDString = 53153F9C27EC8ED0006914B9;
			remoteInfo = ProductManager;
		};
		53153FBE27EC8ED2006914B9 /* PBXContainerItemProxy */ = {
			isa = PBXContainerItemProxy;
			containerPortal = 53153F9527EC8ED0006914B9 /* Project object */;
			proxyType = 1;
			remoteGlobalIDString = 53153F9C27EC8ED0006914B9;
			remoteInfo = ProductManager;
		};
/* End PBXContainerItemProxy section */

/* Begin PBXFileReference section */
		073641A6E3B5F6657F088CAB /* Pods-ProductManager.release.xcconfig */ = {isa = PBXFileReference; includeInIndex = 1; lastKnownFileType = text.xcconfig; name = "Pods-ProductManager.release.xcconfig"; path = "Target Support Files/Pods-ProductManager/Pods-ProductManager.release.xcconfig"; sourceTree = "<group>"; };
		3604A5DE833520AD194A1102 /* Pods-ProductManager.debug.xcconfig */ = {isa = PBXFileReference; includeInIndex = 1; lastKnownFileType = text.xcconfig; name = "Pods-ProductManager.debug.xcconfig"; path = "Target Support Files/Pods-ProductManager/Pods-ProductManager.debug.xcconfig"; sourceTree = "<group>"; };
		53153F9D27EC8ED0006914B9 /* ProductManager.app */ = {isa = PBXFileReference; explicitFileType = wrapper.application; includeInIndex = 0; path = ProductManager.app; sourceTree = BUILT_PRODUCTS_DIR; };
		53153FA027EC8ED0006914B9 /* AppDelegate.swift */ = {isa = PBXFileReference; lastKnownFileType = sourcecode.swift; path = AppDelegate.swift; sourceTree = "<group>"; };
		53153FA927EC8ED2006914B9 /* Assets.xcassets */ = {isa = PBXFileReference; lastKnownFileType = folder.assetcatalog; path = Assets.xcassets; sourceTree = "<group>"; };
		53153FAC27EC8ED2006914B9 /* Base */ = {isa = PBXFileReference; lastKnownFileType = file.storyboard; name = Base; path = Base.lproj/LaunchScreen.storyboard; sourceTree = "<group>"; };
		53153FAE27EC8ED2006914B9 /* Info.plist */ = {isa = PBXFileReference; lastKnownFileType = text.plist.xml; path = Info.plist; sourceTree = "<group>"; };
		53153FB327EC8ED2006914B9 /* ProductManagerTests.xctest */ = {isa = PBXFileReference; explicitFileType = wrapper.cfbundle; includeInIndex = 0; path = ProductManagerTests.xctest; sourceTree = BUILT_PRODUCTS_DIR; };
		53153FBD27EC8ED2006914B9 /* ProductManagerUITests.xctest */ = {isa = PBXFileReference; explicitFileType = wrapper.cfbundle; includeInIndex = 0; path = ProductManagerUITests.xctest; sourceTree = BUILT_PRODUCTS_DIR; };
		53153FC127EC8ED2006914B9 /* ProductManagerUITests.swift */ = {isa = PBXFileReference; lastKnownFileType = sourcecode.swift; path = ProductManagerUITests.swift; sourceTree = "<group>"; };
		5315400E27EC8F9D006914B9 /* NetworkClient.swift */ = {isa = PBXFileReference; fileEncoding = 4; lastKnownFileType = sourcecode.swift; path = NetworkClient.swift; sourceTree = "<group>"; };
		5315401027EC8F9D006914B9 /* ProductEndpoints.swift */ = {isa = PBXFileReference; fileEncoding = 4; lastKnownFileType = sourcecode.swift; path = ProductEndpoints.swift; sourceTree = "<group>"; };
		5315401127EC8F9D006914B9 /* EndpointType.swift */ = {isa = PBXFileReference; fileEncoding = 4; lastKnownFileType = sourcecode.swift; path = EndpointType.swift; sourceTree = "<group>"; };
		5315401327EC8F9D006914B9 /* PError.swift */ = {isa = PBXFileReference; fileEncoding = 4; lastKnownFileType = sourcecode.swift; path = PError.swift; sourceTree = "<group>"; };
		5315401427EC8F9D006914B9 /* Results.swift */ = {isa = PBXFileReference; fileEncoding = 4; lastKnownFileType = sourcecode.swift; path = Results.swift; sourceTree = "<group>"; };
		5315401527EC8F9D006914B9 /* PNetworkClient.swift */ = {isa = PBXFileReference; fileEncoding = 4; lastKnownFileType = sourcecode.swift; path = PNetworkClient.swift; sourceTree = "<group>"; };
		5315401727EC8F9D006914B9 /* Utils.swift */ = {isa = PBXFileReference; fileEncoding = 4; lastKnownFileType = sourcecode.swift; path = Utils.swift; sourceTree = "<group>"; };
		5315401927EC8F9D006914B9 /* Product.swift */ = {isa = PBXFileReference; fileEncoding = 4; lastKnownFileType = sourcecode.swift; path = Product.swift; sourceTree = "<group>"; };
		5315401B27EC8F9D006914B9 /* Engine.swift */ = {isa = PBXFileReference; fileEncoding = 4; lastKnownFileType = sourcecode.swift; path = Engine.swift; sourceTree = "<group>"; };
		5315401C27EC8F9D006914B9 /* Configuration.swift */ = {isa = PBXFileReference; fileEncoding = 4; lastKnownFileType = sourcecode.swift; path = Configuration.swift; sourceTree = "<group>"; };
		5315401F27EC8F9D006914B9 /* MockProductService.swift */ = {isa = PBXFileReference; fileEncoding = 4; lastKnownFileType = sourcecode.swift; path = MockProductService.swift; sourceTree = "<group>"; };
		5315402127EC8F9D006914B9 /* ProductNetworkService.swift */ = {isa = PBXFileReference; fileEncoding = 4; lastKnownFileType = sourcecode.swift; path = ProductNetworkService.swift; sourceTree = "<group>"; };
		5315403127EC9252006914B9 /* Spawnable.swift */ = {isa = PBXFileReference; fileEncoding = 4; lastKnownFileType = sourcecode.swift; path = Spawnable.swift; sourceTree = "<group>"; };
		5315403327EC9252006914B9 /* UIActivityIndicator+Extensions.swift */ = {isa = PBXFileReference; fileEncoding = 4; lastKnownFileType = sourcecode.swift; path = "UIActivityIndicator+Extensions.swift"; sourceTree = "<group>"; };
		5315403427EC9252006914B9 /* UIViewController+Alerts.swift */ = {isa = PBXFileReference; fileEncoding = 4; lastKnownFileType = sourcecode.swift; path = "UIViewController+Alerts.swift"; sourceTree = "<group>"; };
		5315403527EC9252006914B9 /* UIView+Shadows.swift */ = {isa = PBXFileReference; fileEncoding = 4; lastKnownFileType = sourcecode.swift; path = "UIView+Shadows.swift"; sourceTree = "<group>"; };
		5315405727EC9299006914B9 /* HideBackTitleNavigationController.swift */ = {isa = PBXFileReference; fileEncoding = 4; lastKnownFileType = sourcecode.swift; path = HideBackTitleNavigationController.swift; sourceTree = "<group>"; };
		5315405827EC9299006914B9 /* Reusable.swift */ = {isa = PBXFileReference; fileEncoding = 4; lastKnownFileType = sourcecode.swift; path = Reusable.swift; sourceTree = "<group>"; };
		5315406B27EC9995006914B9 /* AppCoordinator.swift */ = {isa = PBXFileReference; fileEncoding = 4; lastKnownFileType = sourcecode.swift; path = AppCoordinator.swift; sourceTree = "<group>"; };
		5315406C27EC9995006914B9 /* SearchCoordinator.swift */ = {isa = PBXFileReference; fileEncoding = 4; lastKnownFileType = sourcecode.swift; path = SearchCoordinator.swift; sourceTree = "<group>"; };
		5315407127ECA360006914B9 /* SearchProductsViewModel.swift */ = {isa = PBXFileReference; fileEncoding = 4; lastKnownFileType = sourcecode.swift; path = SearchProductsViewModel.swift; sourceTree = "<group>"; };
		5315407227ECA360006914B9 /* ProductDetailsViewModel.swift */ = {isa = PBXFileReference; fileEncoding = 4; lastKnownFileType = sourcecode.swift; path = ProductDetailsViewModel.swift; sourceTree = "<group>"; };
		5315407827ECA4A6006914B9 /* ProductsTableViewCell.swift */ = {isa = PBXFileReference; fileEncoding = 4; lastKnownFileType = sourcecode.swift; path = ProductsTableViewCell.swift; sourceTree = "<group>"; };
		5315407927ECA4A6006914B9 /* SearchProductsViewController.swift */ = {isa = PBXFileReference; fileEncoding = 4; lastKnownFileType = sourcecode.swift; path = SearchProductsViewController.swift; sourceTree = "<group>"; };
		5315407B27ECA4A6006914B9 /* ProductDetailsViewController.swift */ = {isa = PBXFileReference; fileEncoding = 4; lastKnownFileType = sourcecode.swift; path = ProductDetailsViewController.swift; sourceTree = "<group>"; };
		5315408127ECA51B006914B9 /* Main.storyboard */ = {isa = PBXFileReference; lastKnownFileType = file.storyboard; path = Main.storyboard; sourceTree = "<group>"; };
		5315408427ECA74D006914B9 /* product_list.json */ = {isa = PBXFileReference; fileEncoding = 4; lastKnownFileType = text.json; path = product_list.json; sourceTree = "<group>"; };
		5315408827ECD340006914B9 /* Strings.swift */ = {isa = PBXFileReference; fileEncoding = 4; lastKnownFileType = sourcecode.swift; path = Strings.swift; sourceTree = "<group>"; };
		5315408927ECD340006914B9 /* Assets.swift */ = {isa = PBXFileReference; fileEncoding = 4; lastKnownFileType = sourcecode.swift; path = Assets.swift; sourceTree = "<group>"; };
		5315408A27ECD340006914B9 /* Storyboards.swift */ = {isa = PBXFileReference; fileEncoding = 4; lastKnownFileType = sourcecode.swift; path = Storyboards.swift; sourceTree = "<group>"; };
		5315408B27ECD340006914B9 /* Localizable.strings */ = {isa = PBXFileReference; fileEncoding = 4; lastKnownFileType = text.plist.strings; path = Localizable.strings; sourceTree = "<group>"; };
		5315409227ECEA15006914B9 /* ProductsCellViewModel.swift */ = {isa = PBXFileReference; lastKnownFileType = sourcecode.swift; path = ProductsCellViewModel.swift; sourceTree = "<group>"; };
		5315409527ED1BEB006914B9 /* ElementType.swift */ = {isa = PBXFileReference; fileEncoding = 4; lastKnownFileType = sourcecode.swift; path = ElementType.swift; sourceTree = "<group>"; };
		5315409627ED1BEB006914B9 /* UITestUtils.swift */ = {isa = PBXFileReference; fileEncoding = 4; lastKnownFileType = sourcecode.swift; path = UITestUtils.swift; sourceTree = "<group>"; };
		5315409A27ED2B51006914B9 /* ProductServiceTest.swift */ = {isa = PBXFileReference; fileEncoding = 4; lastKnownFileType = sourcecode.swift; path = ProductServiceTest.swift; sourceTree = "<group>"; };
		5315409C27ED2B51006914B9 /* ProductDetailsViewModelTests.swift */ = {isa = PBXFileReference; fileEncoding = 4; lastKnownFileType = sourcecode.swift; path = ProductDetailsViewModelTests.swift; sourceTree = "<group>"; };
		5315409D27ED2B51006914B9 /* SearchProductsViewModelTests.swift */ = {isa = PBXFileReference; fileEncoding = 4; lastKnownFileType = sourcecode.swift; path = SearchProductsViewModelTests.swift; sourceTree = "<group>"; };
		5315409F27ED2B51006914B9 /* TestUtils.swift */ = {isa = PBXFileReference; fileEncoding = 4; lastKnownFileType = sourcecode.swift; path = TestUtils.swift; sourceTree = "<group>"; };
		6689B061DC522E420F930211 /* Pods_ProductManager.framework */ = {isa = PBXFileReference; explicitFileType = wrapper.framework; includeInIndex = 0; path = Pods_ProductManager.framework; sourceTree = BUILT_PRODUCTS_DIR; };
/* End PBXFileReference section */

/* Begin PBXFrameworksBuildPhase section */
		53153F9A27EC8ED0006914B9 /* Frameworks */ = {
			isa = PBXFrameworksBuildPhase;
			buildActionMask = 2147483647;
			files = (
				5315406827EC9821006914B9 /* TLogger in Frameworks */,
				8C538D96D337FED115F78C60 /* Pods_ProductManager.framework in Frameworks */,
			);
			runOnlyForDeploymentPostprocessing = 0;
		};
		53153FB027EC8ED2006914B9 /* Frameworks */ = {
			isa = PBXFrameworksBuildPhase;
			buildActionMask = 2147483647;
			files = (
			);
			runOnlyForDeploymentPostprocessing = 0;
		};
		53153FBA27EC8ED2006914B9 /* Frameworks */ = {
			isa = PBXFrameworksBuildPhase;
			buildActionMask = 2147483647;
			files = (
			);
			runOnlyForDeploymentPostprocessing = 0;
		};
/* End PBXFrameworksBuildPhase section */

/* Begin PBXGroup section */
		53153F9427EC8ED0006914B9 = {
			isa = PBXGroup;
			children = (
				53153F9F27EC8ED0006914B9 /* ProductManager */,
				53153FB627EC8ED2006914B9 /* ProductManagerTests */,
				53153FC027EC8ED2006914B9 /* ProductManagerUITests */,
				53153F9E27EC8ED0006914B9 /* Products */,
				8CFAD56BBB60F38839EBDB5C /* Pods */,
				FE457466228F1791E75C8685 /* Frameworks */,
			);
			sourceTree = "<group>";
		};
		53153F9E27EC8ED0006914B9 /* Products */ = {
			isa = PBXGroup;
			children = (
				53153F9D27EC8ED0006914B9 /* ProductManager.app */,
				53153FB327EC8ED2006914B9 /* ProductManagerTests.xctest */,
				53153FBD27EC8ED2006914B9 /* ProductManagerUITests.xctest */,
			);
			name = Products;
			sourceTree = "<group>";
		};
		53153F9F27EC8ED0006914B9 /* ProductManager */ = {
			isa = PBXGroup;
			children = (
				5315408327ECA57D006914B9 /* Resources */,
				5315407027ECA360006914B9 /* ViewModels */,
				5315406F27EC99DB006914B9 /* Application */,
				5315406A27EC9995006914B9 /* Coordinator */,
				5315402E27EC9222006914B9 /* Controllers */,
				5315400B27EC8F9D006914B9 /* EngineModule */,
				5315401827EC8F9D006914B9 /* Models */,
				53153FA927EC8ED2006914B9 /* Assets.xcassets */,
				53153FAB27EC8ED2006914B9 /* LaunchScreen.storyboard */,
				53153FAE27EC8ED2006914B9 /* Info.plist */,
			);
			path = ProductManager;
			sourceTree = "<group>";
		};
		53153FB627EC8ED2006914B9 /* ProductManagerTests */ = {
			isa = PBXGroup;
			children = (
				5315409927ED2B51006914B9 /* ServiceTests */,
				5315409E27ED2B51006914B9 /* Utils */,
				5315409B27ED2B51006914B9 /* ViewModelTests */,
				5315408627ECB265006914B9 /* Resources */,
			);
			path = ProductManagerTests;
			sourceTree = "<group>";
		};
		53153FC027EC8ED2006914B9 /* ProductManagerUITests */ = {
			isa = PBXGroup;
			children = (
				5315409427ED1BEB006914B9 /* Utils */,
				53153FC127EC8ED2006914B9 /* ProductManagerUITests.swift */,
			);
			path = ProductManagerUITests;
			sourceTree = "<group>";
		};
		5315400B27EC8F9D006914B9 /* EngineModule */ = {
			isa = PBXGroup;
			children = (
				5315400C27EC8F9D006914B9 /* Capabilities */,
				5315401627EC8F9D006914B9 /* Utils */,
				5315401A27EC8F9D006914B9 /* Engine */,
				5315401D27EC8F9D006914B9 /* Services */,
			);
			path = EngineModule;
			sourceTree = "<group>";
		};
		5315400C27EC8F9D006914B9 /* Capabilities */ = {
			isa = PBXGroup;
			children = (
				5315400D27EC8F9D006914B9 /* Network */,
			);
			path = Capabilities;
			sourceTree = "<group>";
		};
		5315400D27EC8F9D006914B9 /* Network */ = {
			isa = PBXGroup;
			children = (
				5315400E27EC8F9D006914B9 /* NetworkClient.swift */,
				5315400F27EC8F9D006914B9 /* Endpoints */,
				5315401227EC8F9D006914B9 /* Utils */,
				5315401527EC8F9D006914B9 /* PNetworkClient.swift */,
			);
			path = Network;
			sourceTree = "<group>";
		};
		5315400F27EC8F9D006914B9 /* Endpoints */ = {
			isa = PBXGroup;
			children = (
				5315401027EC8F9D006914B9 /* ProductEndpoints.swift */,
				5315401127EC8F9D006914B9 /* EndpointType.swift */,
			);
			path = Endpoints;
			sourceTree = "<group>";
		};
		5315401227EC8F9D006914B9 /* Utils */ = {
			isa = PBXGroup;
			children = (
				5315401327EC8F9D006914B9 /* PError.swift */,
				5315401427EC8F9D006914B9 /* Results.swift */,
			);
			path = Utils;
			sourceTree = "<group>";
		};
		5315401627EC8F9D006914B9 /* Utils */ = {
			isa = PBXGroup;
			children = (
				5315401727EC8F9D006914B9 /* Utils.swift */,
			);
			path = Utils;
			sourceTree = "<group>";
		};
		5315401827EC8F9D006914B9 /* Models */ = {
			isa = PBXGroup;
			children = (
				5315401927EC8F9D006914B9 /* Product.swift */,
			);
			path = Models;
			sourceTree = "<group>";
		};
		5315401A27EC8F9D006914B9 /* Engine */ = {
			isa = PBXGroup;
			children = (
				5315401B27EC8F9D006914B9 /* Engine.swift */,
				5315401C27EC8F9D006914B9 /* Configuration.swift */,
			);
			path = Engine;
			sourceTree = "<group>";
		};
		5315401D27EC8F9D006914B9 /* Services */ = {
			isa = PBXGroup;
			children = (
				5315401E27EC8F9D006914B9 /* Mocked */,
				5315402027EC8F9D006914B9 /* Network */,
			);
			path = Services;
			sourceTree = "<group>";
		};
		5315401E27EC8F9D006914B9 /* Mocked */ = {
			isa = PBXGroup;
			children = (
				5315401F27EC8F9D006914B9 /* MockProductService.swift */,
			);
			path = Mocked;
			sourceTree = "<group>";
		};
		5315402027EC8F9D006914B9 /* Network */ = {
			isa = PBXGroup;
			children = (
				5315402127EC8F9D006914B9 /* ProductNetworkService.swift */,
			);
			path = Network;
			sourceTree = "<group>";
		};
		5315402E27EC9222006914B9 /* Controllers */ = {
			isa = PBXGroup;
			children = (
				5315407527ECA48E006914B9 /* SearchProducts */,
				5315403027EC9252006914B9 /* Protocols */,
				5315403227EC9252006914B9 /* Extensions */,
			);
			path = Controllers;
			sourceTree = "<group>";
		};
		5315403027EC9252006914B9 /* Protocols */ = {
			isa = PBXGroup;
			children = (
				5315405827EC9299006914B9 /* Reusable.swift */,
				5315403127EC9252006914B9 /* Spawnable.swift */,
			);
			path = Protocols;
			sourceTree = "<group>";
		};
		5315403227EC9252006914B9 /* Extensions */ = {
			isa = PBXGroup;
			children = (
				5315405727EC9299006914B9 /* HideBackTitleNavigationController.swift */,
				5315403327EC9252006914B9 /* UIActivityIndicator+Extensions.swift */,
				5315403427EC9252006914B9 /* UIViewController+Alerts.swift */,
				5315403527EC9252006914B9 /* UIView+Shadows.swift */,
			);
			path = Extensions;
			sourceTree = "<group>";
		};
		5315406A27EC9995006914B9 /* Coordinator */ = {
			isa = PBXGroup;
			children = (
				5315406B27EC9995006914B9 /* AppCoordinator.swift */,
				5315406C27EC9995006914B9 /* SearchCoordinator.swift */,
			);
			path = Coordinator;
			sourceTree = "<group>";
		};
		5315406F27EC99DB006914B9 /* Application */ = {
			isa = PBXGroup;
			children = (
				53153FA027EC8ED0006914B9 /* AppDelegate.swift */,
			);
			path = Application;
			sourceTree = "<group>";
		};
		5315407027ECA360006914B9 /* ViewModels */ = {
			isa = PBXGroup;
			children = (
				5315409027ECE922006914B9 /* SearchProducts */,
			);
			path = ViewModels;
			sourceTree = "<group>";
		};
		5315407527ECA48E006914B9 /* SearchProducts */ = {
			isa = PBXGroup;
			children = (
				5315408127ECA51B006914B9 /* Main.storyboard */,
				5315407A27ECA4A6006914B9 /* Details */,
				5315407627ECA4A6006914B9 /* Search */,
			);
			path = SearchProducts;
			sourceTree = "<group>";
		};
		5315407627ECA4A6006914B9 /* Search */ = {
			isa = PBXGroup;
			children = (
				5315407727ECA4A6006914B9 /*  cells */,
				5315407927ECA4A6006914B9 /* SearchProductsViewController.swift */,
			);
			path = Search;
			sourceTree = "<group>";
		};
		5315407727ECA4A6006914B9 /*  cells */ = {
			isa = PBXGroup;
			children = (
				5315407827ECA4A6006914B9 /* ProductsTableViewCell.swift */,
			);
			path = " cells";
			sourceTree = "<group>";
		};
		5315407A27ECA4A6006914B9 /* Details */ = {
			isa = PBXGroup;
			children = (
				5315407B27ECA4A6006914B9 /* ProductDetailsViewController.swift */,
			);
			path = Details;
			sourceTree = "<group>";
		};
		5315408327ECA57D006914B9 /* Resources */ = {
			isa = PBXGroup;
			children = (
				5315408727ECD340006914B9 /* Enums */,
				5315408B27ECD340006914B9 /* Localizable.strings */,
			);
			path = Resources;
			sourceTree = "<group>";
		};
		5315408627ECB265006914B9 /* Resources */ = {
			isa = PBXGroup;
			children = (
				5315408427ECA74D006914B9 /* product_list.json */,
			);
			path = Resources;
			sourceTree = "<group>";
		};
		5315408727ECD340006914B9 /* Enums */ = {
			isa = PBXGroup;
			children = (
				5315408827ECD340006914B9 /* Strings.swift */,
				5315408927ECD340006914B9 /* Assets.swift */,
				5315408A27ECD340006914B9 /* Storyboards.swift */,
			);
			path = Enums;
			sourceTree = "<group>";
		};
		5315409027ECE922006914B9 /* SearchProducts */ = {
			isa = PBXGroup;
			children = (
				5315409127ECE9FC006914B9 /* cell */,
				5315407127ECA360006914B9 /* SearchProductsViewModel.swift */,
				5315407227ECA360006914B9 /* ProductDetailsViewModel.swift */,
			);
			path = SearchProducts;
			sourceTree = "<group>";
		};
		5315409127ECE9FC006914B9 /* cell */ = {
			isa = PBXGroup;
			children = (
				5315409227ECEA15006914B9 /* ProductsCellViewModel.swift */,
			);
			path = cell;
			sourceTree = "<group>";
		};
		5315409427ED1BEB006914B9 /* Utils */ = {
			isa = PBXGroup;
			children = (
				5315409527ED1BEB006914B9 /* ElementType.swift */,
				5315409627ED1BEB006914B9 /* UITestUtils.swift */,
			);
			path = Utils;
			sourceTree = "<group>";
		};
		5315409927ED2B51006914B9 /* ServiceTests */ = {
			isa = PBXGroup;
			children = (
				5315409A27ED2B51006914B9 /* ProductServiceTest.swift */,
			);
			path = ServiceTests;
			sourceTree = "<group>";
		};
		5315409B27ED2B51006914B9 /* ViewModelTests */ = {
			isa = PBXGroup;
			children = (
				5315409C27ED2B51006914B9 /* ProductDetailsViewModelTests.swift */,
				5315409D27ED2B51006914B9 /* SearchProductsViewModelTests.swift */,
			);
			path = ViewModelTests;
			sourceTree = "<group>";
		};
		5315409E27ED2B51006914B9 /* Utils */ = {
			isa = PBXGroup;
			children = (
				5315409F27ED2B51006914B9 /* TestUtils.swift */,
			);
			path = Utils;
			sourceTree = "<group>";
		};
		8CFAD56BBB60F38839EBDB5C /* Pods */ = {
			isa = PBXGroup;
			children = (
				3604A5DE833520AD194A1102 /* Pods-ProductManager.debug.xcconfig */,
				073641A6E3B5F6657F088CAB /* Pods-ProductManager.release.xcconfig */,
			);
			path = Pods;
			sourceTree = "<group>";
		};
		FE457466228F1791E75C8685 /* Frameworks */ = {
			isa = PBXGroup;
			children = (
				6689B061DC522E420F930211 /* Pods_ProductManager.framework */,
			);
			name = Frameworks;
			sourceTree = "<group>";
		};
/* End PBXGroup section */

/* Begin PBXNativeTarget section */
		53153F9C27EC8ED0006914B9 /* ProductManager */ = {
			isa = PBXNativeTarget;
			buildConfigurationList = 53153FC727EC8ED2006914B9 /* Build configuration list for PBXNativeTarget "ProductManager" */;
			buildPhases = (
				565249F4D492EF943944FAAC /* [CP] Check Pods Manifest.lock */,
				53153F9927EC8ED0006914B9 /* Sources */,
				53153F9A27EC8ED0006914B9 /* Frameworks */,
				53153F9B27EC8ED0006914B9 /* Resources */,
				3300BDF98A5008FAAD5020AE /* [CP] Embed Pods Frameworks */,
			);
			buildRules = (
			);
			dependencies = (
			);
			name = ProductManager;
			packageProductDependencies = (
				5315406727EC9821006914B9 /* TLogger */,
			);
			productName = ProductManager;
			productReference = 53153F9D27EC8ED0006914B9 /* ProductManager.app */;
			productType = "com.apple.product-type.application";
		};
		53153FB227EC8ED2006914B9 /* ProductManagerTests */ = {
			isa = PBXNativeTarget;
			buildConfigurationList = 53153FCA27EC8ED2006914B9 /* Build configuration list for PBXNativeTarget "ProductManagerTests" */;
			buildPhases = (
				53153FAF27EC8ED2006914B9 /* Sources */,
				53153FB027EC8ED2006914B9 /* Frameworks */,
				53153FB127EC8ED2006914B9 /* Resources */,
			);
			buildRules = (
			);
			dependencies = (
				53153FB527EC8ED2006914B9 /* PBXTargetDependency */,
			);
			name = ProductManagerTests;
			productName = ProductManagerTests;
			productReference = 53153FB327EC8ED2006914B9 /* ProductManagerTests.xctest */;
			productType = "com.apple.product-type.bundle.unit-test";
		};
		53153FBC27EC8ED2006914B9 /* ProductManagerUITests */ = {
			isa = PBXNativeTarget;
			buildConfigurationList = 53153FCD27EC8ED2006914B9 /* Build configuration list for PBXNativeTarget "ProductManagerUITests" */;
			buildPhases = (
				53153FB927EC8ED2006914B9 /* Sources */,
				53153FBA27EC8ED2006914B9 /* Frameworks */,
				53153FBB27EC8ED2006914B9 /* Resources */,
			);
			buildRules = (
			);
			dependencies = (
				53153FBF27EC8ED2006914B9 /* PBXTargetDependency */,
			);
			name = ProductManagerUITests;
			productName = ProductManagerUITests;
			productReference = 53153FBD27EC8ED2006914B9 /* ProductManagerUITests.xctest */;
			productType = "com.apple.product-type.bundle.ui-testing";
		};
/* End PBXNativeTarget section */

/* Begin PBXProject section */
		53153F9527EC8ED0006914B9 /* Project object */ = {
			isa = PBXProject;
			attributes = {
				BuildIndependentTargetsInParallel = 1;
				LastSwiftUpdateCheck = 1320;
				LastUpgradeCheck = 1320;
				TargetAttributes = {
					53153F9C27EC8ED0006914B9 = {
						CreatedOnToolsVersion = 13.2.1;
					};
					53153FB227EC8ED2006914B9 = {
						CreatedOnToolsVersion = 13.2.1;
						TestTargetID = 53153F9C27EC8ED0006914B9;
					};
					53153FBC27EC8ED2006914B9 = {
						CreatedOnToolsVersion = 13.2.1;
						TestTargetID = 53153F9C27EC8ED0006914B9;
					};
				};
			};
			buildConfigurationList = 53153F9827EC8ED0006914B9 /* Build configuration list for PBXProject "ProductManager" */;
			compatibilityVersion = "Xcode 13.0";
			developmentRegion = en;
			hasScannedForEncodings = 0;
			knownRegions = (
				en,
				Base,
			);
			mainGroup = 53153F9427EC8ED0006914B9;
			packageReferences = (
				5315406627EC9821006914B9 /* XCRemoteSwiftPackageReference "TLogger" */,
			);
			productRefGroup = 53153F9E27EC8ED0006914B9 /* Products */;
			projectDirPath = "";
			projectRoot = "";
			targets = (
				53153F9C27EC8ED0006914B9 /* ProductManager */,
				53153FB227EC8ED2006914B9 /* ProductManagerTests */,
				53153FBC27EC8ED2006914B9 /* ProductManagerUITests */,
			);
		};
/* End PBXProject section */

/* Begin PBXResourcesBuildPhase section */
		53153F9B27EC8ED0006914B9 /* Resources */ = {
			isa = PBXResourcesBuildPhase;
			buildActionMask = 2147483647;
			files = (
				5315408F27ECD340006914B9 /* Localizable.strings in Resources */,
				531540A527ED3B2E006914B9 /* Main.storyboard in Resources */,
				53153FAD27EC8ED2006914B9 /* LaunchScreen.storyboard in Resources */,
				5315408527ECA74D006914B9 /* product_list.json in Resources */,
				53153FAA27EC8ED2006914B9 /* Assets.xcassets in Resources */,
			);
			runOnlyForDeploymentPostprocessing = 0;
		};
		53153FB127EC8ED2006914B9 /* Resources */ = {
			isa = PBXResourcesBuildPhase;
			buildActionMask = 2147483647;
			files = (
			);
			runOnlyForDeploymentPostprocessing = 0;
		};
		53153FBB27EC8ED2006914B9 /* Resources */ = {
			isa = PBXResourcesBuildPhase;
			buildActionMask = 2147483647;
			files = (
			);
			runOnlyForDeploymentPostprocessing = 0;
		};
/* End PBXResourcesBuildPhase section */

/* Begin PBXShellScriptBuildPhase section */
		3300BDF98A5008FAAD5020AE /* [CP] Embed Pods Frameworks */ = {
			isa = PBXShellScriptBuildPhase;
			buildActionMask = 2147483647;
			files = (
			);
			inputFileListPaths = (
				"${PODS_ROOT}/Target Support Files/Pods-ProductManager/Pods-ProductManager-frameworks-${CONFIGURATION}-input-files.xcfilelist",
			);
			name = "[CP] Embed Pods Frameworks";
			outputFileListPaths = (
				"${PODS_ROOT}/Target Support Files/Pods-ProductManager/Pods-ProductManager-frameworks-${CONFIGURATION}-output-files.xcfilelist",
			);
			runOnlyForDeploymentPostprocessing = 0;
			shellPath = /bin/sh;
			shellScript = "\"${PODS_ROOT}/Target Support Files/Pods-ProductManager/Pods-ProductManager-frameworks.sh\"\n";
			showEnvVarsInLog = 0;
		};
		565249F4D492EF943944FAAC /* [CP] Check Pods Manifest.lock */ = {
			isa = PBXShellScriptBuildPhase;
			buildActionMask = 2147483647;
			files = (
			);
			inputFileListPaths = (
			);
			inputPaths = (
				"${PODS_PODFILE_DIR_PATH}/Podfile.lock",
				"${PODS_ROOT}/Manifest.lock",
			);
			name = "[CP] Check Pods Manifest.lock";
			outputFileListPaths = (
			);
			outputPaths = (
				"$(DERIVED_FILE_DIR)/Pods-ProductManager-checkManifestLockResult.txt",
			);
			runOnlyForDeploymentPostprocessing = 0;
			shellPath = /bin/sh;
			shellScript = "diff \"${PODS_PODFILE_DIR_PATH}/Podfile.lock\" \"${PODS_ROOT}/Manifest.lock\" > /dev/null\nif [ $? != 0 ] ; then\n    # print error to STDERR\n    echo \"error: The sandbox is not in sync with the Podfile.lock. Run 'pod install' or update your CocoaPods installation.\" >&2\n    exit 1\nfi\n# This output is used by Xcode 'outputs' to avoid re-running this script phase.\necho \"SUCCESS\" > \"${SCRIPT_OUTPUT_FILE_0}\"\n";
			showEnvVarsInLog = 0;
		};
/* End PBXShellScriptBuildPhase section */

/* Begin PBXSourcesBuildPhase section */
		53153F9927EC8ED0006914B9 /* Sources */ = {
			isa = PBXSourcesBuildPhase;
			buildActionMask = 2147483647;
			files = (
				5315406D27EC9995006914B9 /* AppCoordinator.swift in Sources */,
				5315403A27EC9252006914B9 /* UIView+Shadows.swift in Sources */,
				5315402727EC8F9D006914B9 /* PNetworkClient.swift in Sources */,
				5315402C27EC8F9D006914B9 /* MockProductService.swift in Sources */,
				5315403827EC9252006914B9 /* UIActivityIndicator+Extensions.swift in Sources */,
				5315408E27ECD340006914B9 /* Storyboards.swift in Sources */,
				5315408C27ECD340006914B9 /* Strings.swift in Sources */,
				5315409327ECEA15006914B9 /* ProductsCellViewModel.swift in Sources */,
				5315407C27ECA4A7006914B9 /* ProductsTableViewCell.swift in Sources */,
				5315402427EC8F9D006914B9 /* EndpointType.swift in Sources */,
				5315405E27EC9299006914B9 /* Reusable.swift in Sources */,
				5315407427ECA360006914B9 /* ProductDetailsViewModel.swift in Sources */,
				5315408D27ECD340006914B9 /* Assets.swift in Sources */,
				5315402827EC8F9D006914B9 /* Utils.swift in Sources */,
				53153FA127EC8ED0006914B9 /* AppDelegate.swift in Sources */,
				5315407E27ECA4A7006914B9 /* ProductDetailsViewController.swift in Sources */,
				5315402627EC8F9D006914B9 /* Results.swift in Sources */,
				5315402B27EC8F9D006914B9 /* Configuration.swift in Sources */,
				5315403727EC9252006914B9 /* Spawnable.swift in Sources */,
				5315402227EC8F9D006914B9 /* NetworkClient.swift in Sources */,
				5315402D27EC8F9D006914B9 /* ProductNetworkService.swift in Sources */,
				5315406E27EC9995006914B9 /* SearchCoordinator.swift in Sources */,
				5315402327EC8F9D006914B9 /* ProductEndpoints.swift in Sources */,
				5315407D27ECA4A7006914B9 /* SearchProductsViewController.swift in Sources */,
				5315403927EC9252006914B9 /* UIViewController+Alerts.swift in Sources */,
				5315402A27EC8F9D006914B9 /* Engine.swift in Sources */,
				5315402927EC8F9D006914B9 /* Product.swift in Sources */,
				5315407327ECA360006914B9 /* SearchProductsViewModel.swift in Sources */,
				5315402527EC8F9D006914B9 /* PError.swift in Sources */,
				5315405D27EC9299006914B9 /* HideBackTitleNavigationController.swift in Sources */,
			);
			runOnlyForDeploymentPostprocessing = 0;
		};
		53153FAF27EC8ED2006914B9 /* Sources */ = {
			isa = PBXSourcesBuildPhase;
			buildActionMask = 2147483647;
			files = (
				531540A127ED2B52006914B9 /* ProductDetailsViewModelTests.swift in Sources */,
				531540A027ED2B51006914B9 /* ProductServiceTest.swift in Sources */,
				531540A327ED2B52006914B9 /* TestUtils.swift in Sources */,
				531540A227ED2B52006914B9 /* SearchProductsViewModelTests.swift in Sources */,
			);
			runOnlyForDeploymentPostprocessing = 0;
		};
		53153FB927EC8ED2006914B9 /* Sources */ = {
			isa = PBXSourcesBuildPhase;
			buildActionMask = 2147483647;
			files = (
				5315409827ED1BEB006914B9 /* UITestUtils.swift in Sources */,
				5315409727ED1BEB006914B9 /* ElementType.swift in Sources */,
				53153FC227EC8ED2006914B9 /* ProductManagerUITests.swift in Sources */,
			);
			runOnlyForDeploymentPostprocessing = 0;
		};
/* End PBXSourcesBuildPhase section */

/* Begin PBXTargetDependency section */
		53153FB527EC8ED2006914B9 /* PBXTargetDependency */ = {
			isa = PBXTargetDependency;
			target = 53153F9C27EC8ED0006914B9 /* ProductManager */;
			targetProxy = 53153FB427EC8ED2006914B9 /* PBXContainerItemProxy */;
		};
		53153FBF27EC8ED2006914B9 /* PBXTargetDependency */ = {
			isa = PBXTargetDependency;
			target = 53153F9C27EC8ED0006914B9 /* ProductManager */;
			targetProxy = 53153FBE27EC8ED2006914B9 /* PBXContainerItemProxy */;
		};
/* End PBXTargetDependency section */

/* Begin PBXVariantGroup section */
		53153FAB27EC8ED2006914B9 /* LaunchScreen.storyboard */ = {
			isa = PBXVariantGroup;
			children = (
				53153FAC27EC8ED2006914B9 /* Base */,
			);
			name = LaunchScreen.storyboard;
			sourceTree = "<group>";
		};
/* End PBXVariantGroup section */

/* Begin XCBuildConfiguration section */
		53153FC527EC8ED2006914B9 /* Debug */ = {
			isa = XCBuildConfiguration;
			buildSettings = {
				ALWAYS_SEARCH_USER_PATHS = NO;
				CLANG_ANALYZER_NONNULL = YES;
				CLANG_ANALYZER_NUMBER_OBJECT_CONVERSION = YES_AGGRESSIVE;
				CLANG_CXX_LANGUAGE_STANDARD = "gnu++17";
				CLANG_CXX_LIBRARY = "libc++";
				CLANG_ENABLE_MODULES = YES;
				CLANG_ENABLE_OBJC_ARC = YES;
				CLANG_ENABLE_OBJC_WEAK = YES;
				CLANG_WARN_BLOCK_CAPTURE_AUTORELEASING = YES;
				CLANG_WARN_BOOL_CONVERSION = YES;
				CLANG_WARN_COMMA = YES;
				CLANG_WARN_CONSTANT_CONVERSION = YES;
				CLANG_WARN_DEPRECATED_OBJC_IMPLEMENTATIONS = YES;
				CLANG_WARN_DIRECT_OBJC_ISA_USAGE = YES_ERROR;
				CLANG_WARN_DOCUMENTATION_COMMENTS = YES;
				CLANG_WARN_EMPTY_BODY = YES;
				CLANG_WARN_ENUM_CONVERSION = YES;
				CLANG_WARN_INFINITE_RECURSION = YES;
				CLANG_WARN_INT_CONVERSION = YES;
				CLANG_WARN_NON_LITERAL_NULL_CONVERSION = YES;
				CLANG_WARN_OBJC_IMPLICIT_RETAIN_SELF = YES;
				CLANG_WARN_OBJC_LITERAL_CONVERSION = YES;
				CLANG_WARN_OBJC_ROOT_CLASS = YES_ERROR;
				CLANG_WARN_QUOTED_INCLUDE_IN_FRAMEWORK_HEADER = YES;
				CLANG_WARN_RANGE_LOOP_ANALYSIS = YES;
				CLANG_WARN_STRICT_PROTOTYPES = YES;
				CLANG_WARN_SUSPICIOUS_MOVE = YES;
				CLANG_WARN_UNGUARDED_AVAILABILITY = YES_AGGRESSIVE;
				CLANG_WARN_UNREACHABLE_CODE = YES;
				CLANG_WARN__DUPLICATE_METHOD_MATCH = YES;
				COPY_PHASE_STRIP = NO;
				DEBUG_INFORMATION_FORMAT = dwarf;
				ENABLE_STRICT_OBJC_MSGSEND = YES;
				ENABLE_TESTABILITY = YES;
				GCC_C_LANGUAGE_STANDARD = gnu11;
				GCC_DYNAMIC_NO_PIC = NO;
				GCC_NO_COMMON_BLOCKS = YES;
				GCC_OPTIMIZATION_LEVEL = 0;
				GCC_PREPROCESSOR_DEFINITIONS = (
					"DEBUG=1",
					"$(inherited)",
				);
				GCC_WARN_64_TO_32_BIT_CONVERSION = YES;
				GCC_WARN_ABOUT_RETURN_TYPE = YES_ERROR;
				GCC_WARN_UNDECLARED_SELECTOR = YES;
				GCC_WARN_UNINITIALIZED_AUTOS = YES_AGGRESSIVE;
				GCC_WARN_UNUSED_FUNCTION = YES;
				GCC_WARN_UNUSED_VARIABLE = YES;
				IPHONEOS_DEPLOYMENT_TARGET = 14.0;
				MTL_ENABLE_DEBUG_INFO = INCLUDE_SOURCE;
				MTL_FAST_MATH = YES;
				ONLY_ACTIVE_ARCH = YES;
				SDKROOT = iphoneos;
				SWIFT_ACTIVE_COMPILATION_CONDITIONS = DEBUG;
				SWIFT_OPTIMIZATION_LEVEL = "-Onone";
			};
			name = Debug;
		};
		53153FC627EC8ED2006914B9 /* Release */ = {
			isa = XCBuildConfiguration;
			buildSettings = {
				ALWAYS_SEARCH_USER_PATHS = NO;
				CLANG_ANALYZER_NONNULL = YES;
				CLANG_ANALYZER_NUMBER_OBJECT_CONVERSION = YES_AGGRESSIVE;
				CLANG_CXX_LANGUAGE_STANDARD = "gnu++17";
				CLANG_CXX_LIBRARY = "libc++";
				CLANG_ENABLE_MODULES = YES;
				CLANG_ENABLE_OBJC_ARC = YES;
				CLANG_ENABLE_OBJC_WEAK = YES;
				CLANG_WARN_BLOCK_CAPTURE_AUTORELEASING = YES;
				CLANG_WARN_BOOL_CONVERSION = YES;
				CLANG_WARN_COMMA = YES;
				CLANG_WARN_CONSTANT_CONVERSION = YES;
				CLANG_WARN_DEPRECATED_OBJC_IMPLEMENTATIONS = YES;
				CLANG_WARN_DIRECT_OBJC_ISA_USAGE = YES_ERROR;
				CLANG_WARN_DOCUMENTATION_COMMENTS = YES;
				CLANG_WARN_EMPTY_BODY = YES;
				CLANG_WARN_ENUM_CONVERSION = YES;
				CLANG_WARN_INFINITE_RECURSION = YES;
				CLANG_WARN_INT_CONVERSION = YES;
				CLANG_WARN_NON_LITERAL_NULL_CONVERSION = YES;
				CLANG_WARN_OBJC_IMPLICIT_RETAIN_SELF = YES;
				CLANG_WARN_OBJC_LITERAL_CONVERSION = YES;
				CLANG_WARN_OBJC_ROOT_CLASS = YES_ERROR;
				CLANG_WARN_QUOTED_INCLUDE_IN_FRAMEWORK_HEADER = YES;
				CLANG_WARN_RANGE_LOOP_ANALYSIS = YES;
				CLANG_WARN_STRICT_PROTOTYPES = YES;
				CLANG_WARN_SUSPICIOUS_MOVE = YES;
				CLANG_WARN_UNGUARDED_AVAILABILITY = YES_AGGRESSIVE;
				CLANG_WARN_UNREACHABLE_CODE = YES;
				CLANG_WARN__DUPLICATE_METHOD_MATCH = YES;
				COPY_PHASE_STRIP = NO;
				DEBUG_INFORMATION_FORMAT = "dwarf-with-dsym";
				ENABLE_NS_ASSERTIONS = NO;
				ENABLE_STRICT_OBJC_MSGSEND = YES;
				GCC_C_LANGUAGE_STANDARD = gnu11;
				GCC_NO_COMMON_BLOCKS = YES;
				GCC_WARN_64_TO_32_BIT_CONVERSION = YES;
				GCC_WARN_ABOUT_RETURN_TYPE = YES_ERROR;
				GCC_WARN_UNDECLARED_SELECTOR = YES;
				GCC_WARN_UNINITIALIZED_AUTOS = YES_AGGRESSIVE;
				GCC_WARN_UNUSED_FUNCTION = YES;
				GCC_WARN_UNUSED_VARIABLE = YES;
				IPHONEOS_DEPLOYMENT_TARGET = 14.0;
				MTL_ENABLE_DEBUG_INFO = NO;
				MTL_FAST_MATH = YES;
				SDKROOT = iphoneos;
				SWIFT_COMPILATION_MODE = wholemodule;
				SWIFT_OPTIMIZATION_LEVEL = "-O";
				VALIDATE_PRODUCT = YES;
			};
			name = Release;
		};
		53153FC827EC8ED2006914B9 /* Debug */ = {
			isa = XCBuildConfiguration;
			baseConfigurationReference = 3604A5DE833520AD194A1102 /* Pods-ProductManager.debug.xcconfig */;
			buildSettings = {
				ASSETCATALOG_COMPILER_APPICON_NAME = AppIcon;
				ASSETCATALOG_COMPILER_GLOBAL_ACCENT_COLOR_NAME = AccentColor;
				CODE_SIGN_STYLE = Automatic;
				CURRENT_PROJECT_VERSION = 1;
				GENERATE_INFOPLIST_FILE = YES;
				INFOPLIST_FILE = ProductManager/Info.plist;
				INFOPLIST_KEY_UIApplicationSupportsIndirectInputEvents = YES;
				INFOPLIST_KEY_UILaunchStoryboardName = LaunchScreen;
				INFOPLIST_KEY_UISupportedInterfaceOrientations_iPad = "UIInterfaceOrientationPortrait UIInterfaceOrientationPortraitUpsideDown UIInterfaceOrientationLandscapeLeft UIInterfaceOrientationLandscapeRight";
				INFOPLIST_KEY_UISupportedInterfaceOrientations_iPhone = "UIInterfaceOrientationPortrait UIInterfaceOrientationLandscapeLeft UIInterfaceOrientationLandscapeRight";
				LD_RUNPATH_SEARCH_PATHS = (
					"$(inherited)",
					"@executable_path/Frameworks",
				);
				MARKETING_VERSION = 1.0;
				PRODUCT_BUNDLE_IDENTIFIER = com.coolblue.ProductManager;
				PRODUCT_NAME = "$(TARGET_NAME)";
				SWIFT_EMIT_LOC_STRINGS = YES;
				SWIFT_VERSION = 5.0;
				TARGETED_DEVICE_FAMILY = "1,2";
			};
			name = Debug;
		};
		53153FC927EC8ED2006914B9 /* Release */ = {
			isa = XCBuildConfiguration;
			baseConfigurationReference = 073641A6E3B5F6657F088CAB /* Pods-ProductManager.release.xcconfig */;
			buildSettings = {
				ASSETCATALOG_COMPILER_APPICON_NAME = AppIcon;
				ASSETCATALOG_COMPILER_GLOBAL_ACCENT_COLOR_NAME = AccentColor;
				CODE_SIGN_STYLE = Automatic;
				CURRENT_PROJECT_VERSION = 1;
				GENERATE_INFOPLIST_FILE = YES;
				INFOPLIST_FILE = ProductManager/Info.plist;
				INFOPLIST_KEY_UIApplicationSupportsIndirectInputEvents = YES;
				INFOPLIST_KEY_UILaunchStoryboardName = LaunchScreen;
				INFOPLIST_KEY_UISupportedInterfaceOrientations_iPad = "UIInterfaceOrientationPortrait UIInterfaceOrientationPortraitUpsideDown UIInterfaceOrientationLandscapeLeft UIInterfaceOrientationLandscapeRight";
				INFOPLIST_KEY_UISupportedInterfaceOrientations_iPhone = "UIInterfaceOrientationPortrait UIInterfaceOrientationLandscapeLeft UIInterfaceOrientationLandscapeRight";
				LD_RUNPATH_SEARCH_PATHS = (
					"$(inherited)",
					"@executable_path/Frameworks",
				);
				MARKETING_VERSION = 1.0;
				PRODUCT_BUNDLE_IDENTIFIER = com.coolblue.ProductManager;
				PRODUCT_NAME = "$(TARGET_NAME)";
				SWIFT_EMIT_LOC_STRINGS = YES;
				SWIFT_VERSION = 5.0;
				TARGETED_DEVICE_FAMILY = "1,2";
			};
			name = Release;
		};
		53153FCB27EC8ED2006914B9 /* Debug */ = {
			isa = XCBuildConfiguration;
			buildSettings = {
				ALWAYS_EMBED_SWIFT_STANDARD_LIBRARIES = YES;
				BUNDLE_LOADER = "$(TEST_HOST)";
				CODE_SIGN_STYLE = Automatic;
				CURRENT_PROJECT_VERSION = 1;
				GENERATE_INFOPLIST_FILE = YES;
				IPHONEOS_DEPLOYMENT_TARGET = 14.0;
				MARKETING_VERSION = 1.0;
				PRODUCT_BUNDLE_IDENTIFIER = com.coolblue.ProductManagerTests;
				PRODUCT_NAME = "$(TARGET_NAME)";
				SWIFT_EMIT_LOC_STRINGS = NO;
				SWIFT_VERSION = 5.0;
				TARGETED_DEVICE_FAMILY = "1,2";
				TEST_HOST = "$(BUILT_PRODUCTS_DIR)/ProductManager.app/ProductManager";
			};
			name = Debug;
		};
		53153FCC27EC8ED2006914B9 /* Release */ = {
			isa = XCBuildConfiguration;
			buildSettings = {
				ALWAYS_EMBED_SWIFT_STANDARD_LIBRARIES = YES;
				BUNDLE_LOADER = "$(TEST_HOST)";
				CODE_SIGN_STYLE = Automatic;
				CURRENT_PROJECT_VERSION = 1;
				GENERATE_INFOPLIST_FILE = YES;
				IPHONEOS_DEPLOYMENT_TARGET = 14.0;
				MARKETING_VERSION = 1.0;
				PRODUCT_BUNDLE_IDENTIFIER = com.coolblue.ProductManagerTests;
				PRODUCT_NAME = "$(TARGET_NAME)";
				SWIFT_EMIT_LOC_STRINGS = NO;
				SWIFT_VERSION = 5.0;
				TARGETED_DEVICE_FAMILY = "1,2";
				TEST_HOST = "$(BUILT_PRODUCTS_DIR)/ProductManager.app/ProductManager";
			};
			name = Release;
		};
		53153FCE27EC8ED2006914B9 /* Debug */ = {
			isa = XCBuildConfiguration;
			buildSettings = {
				ALWAYS_EMBED_SWIFT_STANDARD_LIBRARIES = YES;
				CODE_SIGN_STYLE = Automatic;
				CURRENT_PROJECT_VERSION = 1;
				GENERATE_INFOPLIST_FILE = YES;
				MARKETING_VERSION = 1.0;
				PRODUCT_BUNDLE_IDENTIFIER = com.coolblue.ProductManagerUITests;
				PRODUCT_NAME = "$(TARGET_NAME)";
				SWIFT_EMIT_LOC_STRINGS = NO;
				SWIFT_VERSION = 5.0;
				TARGETED_DEVICE_FAMILY = "1,2";
				TEST_TARGET_NAME = ProductManager;
			};
			name = Debug;
		};
		53153FCF27EC8ED2006914B9 /* Release */ = {
			isa = XCBuildConfiguration;
			buildSettings = {
				ALWAYS_EMBED_SWIFT_STANDARD_LIBRARIES = YES;
				CODE_SIGN_STYLE = Automatic;
				CURRENT_PROJECT_VERSION = 1;
				GENERATE_INFOPLIST_FILE = YES;
				MARKETING_VERSION = 1.0;
				PRODUCT_BUNDLE_IDENTIFIER = com.coolblue.ProductManagerUITests;
				PRODUCT_NAME = "$(TARGET_NAME)";
				SWIFT_EMIT_LOC_STRINGS = NO;
				SWIFT_VERSION = 5.0;
				TARGETED_DEVICE_FAMILY = "1,2";
				TEST_TARGET_NAME = ProductManager;
			};
			name = Release;
		};
/* End XCBuildConfiguration section */

/* Begin XCConfigurationList section */
		53153F9827EC8ED0006914B9 /* Build configuration list for PBXProject "ProductManager" */ = {
			isa = XCConfigurationList;
			buildConfigurations = (
				53153FC527EC8ED2006914B9 /* Debug */,
				53153FC627EC8ED2006914B9 /* Release */,
			);
			defaultConfigurationIsVisible = 0;
			defaultConfigurationName = Release;
		};
		53153FC727EC8ED2006914B9 /* Build configuration list for PBXNativeTarget "ProductManager" */ = {
			isa = XCConfigurationList;
			buildConfigurations = (
				53153FC827EC8ED2006914B9 /* Debug */,
				53153FC927EC8ED2006914B9 /* Release */,
			);
			defaultConfigurationIsVisible = 0;
			defaultConfigurationName = Release;
		};
		53153FCA27EC8ED2006914B9 /* Build configuration list for PBXNativeTarget "ProductManagerTests" */ = {
			isa = XCConfigurationList;
			buildConfigurations = (
				53153FCB27EC8ED2006914B9 /* Debug */,
				53153FCC27EC8ED2006914B9 /* Release */,
			);
			defaultConfigurationIsVisible = 0;
			defaultConfigurationName = Release;
		};
		53153FCD27EC8ED2006914B9 /* Build configuration list for PBXNativeTarget "ProductManagerUITests" */ = {
			isa = XCConfigurationList;
			buildConfigurations = (
				53153FCE27EC8ED2006914B9 /* Debug */,
				53153FCF27EC8ED2006914B9 /* Release */,
			);
			defaultConfigurationIsVisible = 0;
			defaultConfigurationName = Release;
		};
/* End XCConfigurationList section */

/* Begin XCRemoteSwiftPackageReference section */
		5315406627EC9821006914B9 /* XCRemoteSwiftPackageReference "TLogger" */ = {
			isa = XCRemoteSwiftPackageReference;
			repositoryURL = "https://github.com/thejus779/TLogger.git";
			requirement = {
				branch = main;
				kind = branch;
			};
		};
/* End XCRemoteSwiftPackageReference section */

/* Begin XCSwiftPackageProductDependency section */
		5315406727EC9821006914B9 /* TLogger */ = {
			isa = XCSwiftPackageProductDependency;
			package = 5315406627EC9821006914B9 /* XCRemoteSwiftPackageReference "TLogger" */;
			productName = TLogger;
		};
/* End XCSwiftPackageProductDependency section */
	};
	rootObject = 53153F9527EC8ED0006914B9 /* Project object */;
}
